
Microsoft Visual Studio Solution File, Format Version 12.00
# Visual Studio Version 16
VisualStudioVersion = 16.0.29424.173
MinimumVisualStudioVersion = 10.0.40219.1
Project("{FAE04EC0-301F-11D3-BF4B-00C04F79EFBC}") = "KDMagic.Library", "KDMagic.Library\KDMagic.Library.csproj", "{47F2E9E2-3810-4F7E-A52A-C60C2563F134}"
EndProject
Project("{FAE04EC0-301F-11D3-BF4B-00C04F79EFBC}") = "KDMagic.WPF", "KDMagic.WPF\KDMagic.WPF.csproj", "{8593820E-0A8B-4A17-B4A3-CBB1C0A2BC46}"
EndProject
Global
	GlobalSection(SolutionConfigurationPlatforms) = preSolution
		Debug|Any CPU = Debug|Any CPU
		Release|Any CPU = Release|Any CPU
	EndGlobalSection
	GlobalSection(ProjectConfigurationPlatforms) = postSolution
		{47F2E9E2-3810-4F7E-A52A-C60C2563F134}.Debug|Any CPU.ActiveCfg = Debug|Any CPU
		{47F2E9E2-3810-4F7E-A52A-C60C2563F134}.Debug|Any CPU.Build.0 = Debug|Any CPU
		{47F2E9E2-3810-4F7E-A52A-C60C2563F134}.Release|Any CPU.ActiveCfg = Release|Any CPU
		{47F2E9E2-3810-4F7E-A52A-C60C2563F134}.Release|Any CPU.Build.0 = Release|Any CPU
		{8593820E-0A8B-4A17-B4A3-CBB1C0A2BC46}.Debug|Any CPU.ActiveCfg = Debug|Any CPU
		{8593820E-0A8B-4A17-B4A3-CBB1C0A2BC46}.Debug|Any CPU.Build.0 = Debug|Any CPU
		{8593820E-0A8B-4A17-B4A3-CBB1C0A2BC46}.Release|Any CPU.ActiveCfg = Release|Any CPU
		{8593820E-0A8B-4A17-B4A3-CBB1C0A2BC46}.Release|Any CPU.Build.0 = Release|Any CPU
	EndGlobalSection
	GlobalSection(SolutionProperties) = preSolution
		HideSolutionNode = FALSE
	EndGlobalSection
	GlobalSection(ExtensibilityGlobals) = postSolution
		SolutionGuid = {D8416D7B-47A7-42DC-B21E-25BE2E5FE005}
	EndGlobalSection
EndGlobal
