
Microsoft Visual Studio Solution File, Format Version 12.00
# Visual Studio Version 16
VisualStudioVersion = 16.0.29424.173
MinimumVisualStudioVersion = 10.0.40219.1
Project("{F2A71F9B-5D33-465A-A702-920D77279786}") = "KDMagic.Core", "KDMagic.Core\KDMagic.Core.fsproj", "{7E63EDB2-C0A2-45C2-8398-A7A5FF417B83}"
EndProject
Project("{F2A71F9B-5D33-465A-A702-920D77279786}") = "KDMagic.App.Core", "KDMagic.App.Core\KDMagic.App.Core.fsproj", "{86D7ACD2-5451-4783-896E-208886F01A6B}"
EndProject
Project("{F2A71F9B-5D33-465A-A702-920D77279786}") = "KDMagic.App.WPF", "KDMagic.App.WPF\KDMagic.App.WPF.fsproj", "{247EB21B-5E83-47CF-A4B4-D783468B5A7E}"
EndProject
Project("{F2A71F9B-5D33-465A-A702-920D77279786}") = "KDMagic.Core.Tests", "KDMagic.Core.Tests\KDMagic.Core.Tests.fsproj", "{1B78D0C4-7A5E-4CAA-813D-0BCDA492040A}"
EndProject
Project("{F2A71F9B-5D33-465A-A702-920D77279786}") = "KDMagic.App.Core.Tests", "KDMagic.App.Core.Tests\KDMagic.App.Core.Tests.fsproj", "{74CEF509-7D84-4090-A180-E848BC4166E8}"
EndProject
Global
	GlobalSection(SolutionConfigurationPlatforms) = preSolution
		Debug|Any CPU = Debug|Any CPU
		Release|Any CPU = Release|Any CPU
	EndGlobalSection
	GlobalSection(ProjectConfigurationPlatforms) = postSolution
		{7E63EDB2-C0A2-45C2-8398-A7A5FF417B83}.Debug|Any CPU.ActiveCfg = Debug|Any CPU
		{7E63EDB2-C0A2-45C2-8398-A7A5FF417B83}.Debug|Any CPU.Build.0 = Debug|Any CPU
		{7E63EDB2-C0A2-45C2-8398-A7A5FF417B83}.Release|Any CPU.ActiveCfg = Release|Any CPU
		{7E63EDB2-C0A2-45C2-8398-A7A5FF417B83}.Release|Any CPU.Build.0 = Release|Any CPU
		{86D7ACD2-5451-4783-896E-208886F01A6B}.Debug|Any CPU.ActiveCfg = Debug|Any CPU
		{86D7ACD2-5451-4783-896E-208886F01A6B}.Debug|Any CPU.Build.0 = Debug|Any CPU
		{86D7ACD2-5451-4783-896E-208886F01A6B}.Release|Any CPU.ActiveCfg = Release|Any CPU
		{86D7ACD2-5451-4783-896E-208886F01A6B}.Release|Any CPU.Build.0 = Release|Any CPU
		{247EB21B-5E83-47CF-A4B4-D783468B5A7E}.Debug|Any CPU.ActiveCfg = Debug|Any CPU
		{247EB21B-5E83-47CF-A4B4-D783468B5A7E}.Debug|Any CPU.Build.0 = Debug|Any CPU
		{247EB21B-5E83-47CF-A4B4-D783468B5A7E}.Release|Any CPU.ActiveCfg = Release|Any CPU
		{247EB21B-5E83-47CF-A4B4-D783468B5A7E}.Release|Any CPU.Build.0 = Release|Any CPU
		{1B78D0C4-7A5E-4CAA-813D-0BCDA492040A}.Debug|Any CPU.ActiveCfg = Debug|Any CPU
		{1B78D0C4-7A5E-4CAA-813D-0BCDA492040A}.Debug|Any CPU.Build.0 = Debug|Any CPU
		{1B78D0C4-7A5E-4CAA-813D-0BCDA492040A}.Release|Any CPU.ActiveCfg = Release|Any CPU
		{1B78D0C4-7A5E-4CAA-813D-0BCDA492040A}.Release|Any CPU.Build.0 = Release|Any CPU
		{74CEF509-7D84-4090-A180-E848BC4166E8}.Debug|Any CPU.ActiveCfg = Debug|Any CPU
		{74CEF509-7D84-4090-A180-E848BC4166E8}.Debug|Any CPU.Build.0 = Debug|Any CPU
		{74CEF509-7D84-4090-A180-E848BC4166E8}.Release|Any CPU.ActiveCfg = Release|Any CPU
		{74CEF509-7D84-4090-A180-E848BC4166E8}.Release|Any CPU.Build.0 = Release|Any CPU
	EndGlobalSection
	GlobalSection(SolutionProperties) = preSolution
		HideSolutionNode = FALSE
	EndGlobalSection
	GlobalSection(ExtensibilityGlobals) = postSolution
		SolutionGuid = {D8416D7B-47A7-42DC-B21E-25BE2E5FE005}
	EndGlobalSection
EndGlobal
